
Microsoft Visual Studio Solution File, Format Version 12.00
# Visual Studio Version 17
VisualStudioVersion = 17.14.36429.23 d17.14
MinimumVisualStudioVersion = 10.0.40219.1
Project("{FAE04EC0-301F-11D3-BF4B-00C04F79EFBC}") = "Begineer_Course", "Begineer_Course\Begineer_Course.csproj", "{B7B03E2D-5E8D-48E1-8778-97ACA60F901E}"
EndProject
Global
	GlobalSection(SolutionConfigurationPlatforms) = preSolution
		Debug|Any CPU = Debug|Any CPU
		Release|Any CPU = Release|Any CPU
	EndGlobalSection
	GlobalSection(ProjectConfigurationPlatforms) = postSolution
		{B7B03E2D-5E8D-48E1-8778-97ACA60F901E}.Debug|Any CPU.ActiveCfg = Debug|Any CPU
		{B7B03E2D-5E8D-48E1-8778-97ACA60F901E}.Debug|Any CPU.Build.0 = Debug|Any CPU
		{B7B03E2D-5E8D-48E1-8778-97ACA60F901E}.Release|Any CPU.ActiveCfg = Release|Any CPU
		{B7B03E2D-5E8D-48E1-8778-97ACA60F901E}.Release|Any CPU.Build.0 = Release|Any CPU
	EndGlobalSection
	GlobalSection(SolutionProperties) = preSolution
		HideSolutionNode = FALSE
	EndGlobalSection
	GlobalSection(ExtensibilityGlobals) = postSolution
		SolutionGuid = {DB415F4E-46E1-46AC-95AA-9967B63434AA}
	EndGlobalSection
EndGlobal
